// !$*UTF8*$!
{
	archiveVersion = 1;
	classes = {
	};
	objectVersion = 46;
	objects = {

/* Begin PBXBuildFile section */
		3871009D8584FF05F4ACF30A /* Pods_MRProTests.framework in Frameworks */ = {isa = PBXBuildFile; fileRef = F2F280FE638FA4E772D91807 /* Pods_MRProTests.framework */; };
		4FE5DE502F5E830F0D1EC374 /* Pods_MRProUITests.framework in Frameworks */ = {isa = PBXBuildFile; fileRef = 77A350E26EC83EA179DCA0FC /* Pods_MRProUITests.framework */; };
		6113C9B31F27D149009624A5 /* RoomBookingVC.swift in Sources */ = {isa = PBXBuildFile; fileRef = 6113C9B21F27D149009624A5 /* RoomBookingVC.swift */; };
		6114A7181F2BD40800A1D38D /* BookingUsersCell.swift in Sources */ = {isa = PBXBuildFile; fileRef = 6114A7171F2BD40800A1D38D /* BookingUsersCell.swift */; };
		611AEEB51F24A89400DAFEE1 /* RegistrationViewController.swift in Sources */ = {isa = PBXBuildFile; fileRef = 611AEEB41F24A89400DAFEE1 /* RegistrationViewController.swift */; };
		611AEEBB1F24AEA600DAFEE1 /* API.swift in Sources */ = {isa = PBXBuildFile; fileRef = 611AEEB71F24AEA600DAFEE1 /* API.swift */; };
		611AEEBC1F24AEA600DAFEE1 /* APIRequestMethods.swift in Sources */ = {isa = PBXBuildFile; fileRef = 611AEEB81F24AEA600DAFEE1 /* APIRequestMethods.swift */; };
		611AEEBD1F24AEA600DAFEE1 /* APIResponseHandler.swift in Sources */ = {isa = PBXBuildFile; fileRef = 611AEEB91F24AEA600DAFEE1 /* APIResponseHandler.swift */; };
		611AEEC01F24B1BE00DAFEE1 /* APIConstant.swift in Sources */ = {isa = PBXBuildFile; fileRef = 611AEEBF1F24B1BE00DAFEE1 /* APIConstant.swift */; };
		61DC1CC51F2917B8000D793F /* PhotoGalleryVC.swift in Sources */ = {isa = PBXBuildFile; fileRef = 61DC1CC41F2917B8000D793F /* PhotoGalleryVC.swift */; };
		61DC1CC71F2919B2000D793F /* ImageCollectionCell.swift in Sources */ = {isa = PBXBuildFile; fileRef = 61DC1CC61F2919B2000D793F /* ImageCollectionCell.swift */; };
		61DC1CC91F2A7391000D793F /* RateVC.swift in Sources */ = {isa = PBXBuildFile; fileRef = 61DC1CC81F2A7391000D793F /* RateVC.swift */; };
		7D218F401F2CAAB7003643F6 /* ReviewCell.swift in Sources */ = {isa = PBXBuildFile; fileRef = 7D218F3F1F2CAAB7003643F6 /* ReviewCell.swift */; };
		F05E252601F6A5CB66B49795 /* Pods_MRPro.framework in Frameworks */ = {isa = PBXBuildFile; fileRef = 20389BDCFA31B70C406B4A43 /* Pods_MRPro.framework */; };
		F51A06191F1A6336009985C8 /* AppDelegate.swift in Sources */ = {isa = PBXBuildFile; fileRef = F51A06181F1A6336009985C8 /* AppDelegate.swift */; };
		F51A061B1F1A6336009985C8 /* UserLoginViewController.swift in Sources */ = {isa = PBXBuildFile; fileRef = F51A061A1F1A6336009985C8 /* UserLoginViewController.swift */; };
		F51A061E1F1A6336009985C8 /* Main.storyboard in Resources */ = {isa = PBXBuildFile; fileRef = F51A061C1F1A6336009985C8 /* Main.storyboard */; };
		F51A06211F1A6336009985C8 /* MRPro.xcdatamodeld in Sources */ = {isa = PBXBuildFile; fileRef = F51A061F1F1A6336009985C8 /* MRPro.xcdatamodeld */; };
		F51A06231F1A6337009985C8 /* Assets.xcassets in Resources */ = {isa = PBXBuildFile; fileRef = F51A06221F1A6337009985C8 /* Assets.xcassets */; };
		F51A06261F1A6337009985C8 /* LaunchScreen.storyboard in Resources */ = {isa = PBXBuildFile; fileRef = F51A06241F1A6337009985C8 /* LaunchScreen.storyboard */; };
		F51A06311F1A6337009985C8 /* MRProTests.swift in Sources */ = {isa = PBXBuildFile; fileRef = F51A06301F1A6337009985C8 /* MRProTests.swift */; };
		F51A063C1F1A6337009985C8 /* MRProUITests.swift in Sources */ = {isa = PBXBuildFile; fileRef = F51A063B1F1A6337009985C8 /* MRProUITests.swift */; };
		F51A4C491F1FBBC2001BC1C7 /* MyProfileViewController.swift in Sources */ = {isa = PBXBuildFile; fileRef = F51A4C481F1FBBC2001BC1C7 /* MyProfileViewController.swift */; };
		F51A4C4B1F1FDA38001BC1C7 /* MyMeetingsViewController.swift in Sources */ = {isa = PBXBuildFile; fileRef = F51A4C4A1F1FDA38001BC1C7 /* MyMeetingsViewController.swift */; };
		F51A4C551F1FDF26001BC1C7 /* MapNavigationViewController.swift in Sources */ = {isa = PBXBuildFile; fileRef = F51A4C541F1FDF26001BC1C7 /* MapNavigationViewController.swift */; };
		F520B4081F1EB4A60020E9D0 /* SelfDesignedIndoorMapsInformationTableViewCell.swift in Sources */ = {isa = PBXBuildFile; fileRef = F520B4071F1EB4A60020E9D0 /* SelfDesignedIndoorMapsInformationTableViewCell.swift */; };
		F52E796B1F1D82FB00BD49CD /* BuildingListTableViewController.swift in Sources */ = {isa = PBXBuildFile; fileRef = F52E796A1F1D82FB00BD49CD /* BuildingListTableViewController.swift */; };
		F52E796D1F1D87D700BD49CD /* Building.swift in Sources */ = {isa = PBXBuildFile; fileRef = F52E796C1F1D87D700BD49CD /* Building.swift */; };
		F52E79711F1D896800BD49CD /* MeetingRoom.swift in Sources */ = {isa = PBXBuildFile; fileRef = F52E79701F1D896800BD49CD /* MeetingRoom.swift */; };
		F52E79731F1D8CDF00BD49CD /* BuildingsCell.swift in Sources */ = {isa = PBXBuildFile; fileRef = F52E79721F1D8CDF00BD49CD /* BuildingsCell.swift */; };
		F52E79751F1D8FF700BD49CD /* MeetingRoomListTableViewController.swift in Sources */ = {isa = PBXBuildFile; fileRef = F52E79741F1D8FF700BD49CD /* MeetingRoomListTableViewController.swift */; };
		F52E79771F1D90A300BD49CD /* CustomJsonParser.swift in Sources */ = {isa = PBXBuildFile; fileRef = F52E79761F1D90A300BD49CD /* CustomJsonParser.swift */; };
		F52E797D1F1D958200BD49CD /* MeetingRoomsCell.swift in Sources */ = {isa = PBXBuildFile; fileRef = F52E797C1F1D958200BD49CD /* MeetingRoomsCell.swift */; };
		F52E797F1F1D9D2F00BD49CD /* jsonFile.json in Resources */ = {isa = PBXBuildFile; fileRef = F52E797E1F1D9D2F00BD49CD /* jsonFile.json */; };
/* End PBXBuildFile section */

/* Begin PBXContainerItemProxy section */
		F51A062D1F1A6337009985C8 /* PBXContainerItemProxy */ = {
			isa = PBXContainerItemProxy;
			containerPortal = F51A060D1F1A6336009985C8 /* Project object */;
			proxyType = 1;
			remoteGlobalIDString = F51A06141F1A6336009985C8;
			remoteInfo = MRPro;
		};
		F51A06381F1A6337009985C8 /* PBXContainerItemProxy */ = {
			isa = PBXContainerItemProxy;
			containerPortal = F51A060D1F1A6336009985C8 /* Project object */;
			proxyType = 1;
			remoteGlobalIDString = F51A06141F1A6336009985C8;
			remoteInfo = MRPro;
		};
/* End PBXContainerItemProxy section */

/* Begin PBXFileReference section */
		0119C45EAA6CD3C1BA4B7629 /* Pods-MRPro.release.xcconfig */ = {isa = PBXFileReference; includeInIndex = 1; lastKnownFileType = text.xcconfig; name = "Pods-MRPro.release.xcconfig"; path = "Pods/Target Support Files/Pods-MRPro/Pods-MRPro.release.xcconfig"; sourceTree = "<group>"; };
		20389BDCFA31B70C406B4A43 /* Pods_MRPro.framework */ = {isa = PBXFileReference; explicitFileType = wrapper.framework; includeInIndex = 0; path = Pods_MRPro.framework; sourceTree = BUILT_PRODUCTS_DIR; };
		209EB01DBDB71A56FCB8AB40 /* Pods-MRPro.debug.xcconfig */ = {isa = PBXFileReference; includeInIndex = 1; lastKnownFileType = text.xcconfig; name = "Pods-MRPro.debug.xcconfig"; path = "Pods/Target Support Files/Pods-MRPro/Pods-MRPro.debug.xcconfig"; sourceTree = "<group>"; };
		3A7A7657CDB2CB8D2B0C9149 /* Pods-MRProTests.debug.xcconfig */ = {isa = PBXFileReference; includeInIndex = 1; lastKnownFileType = text.xcconfig; name = "Pods-MRProTests.debug.xcconfig"; path = "Pods/Target Support Files/Pods-MRProTests/Pods-MRProTests.debug.xcconfig"; sourceTree = "<group>"; };
		49FF03194C80719124018D22 /* Pods-MRProUITests.release.xcconfig */ = {isa = PBXFileReference; includeInIndex = 1; lastKnownFileType = text.xcconfig; name = "Pods-MRProUITests.release.xcconfig"; path = "Pods/Target Support Files/Pods-MRProUITests/Pods-MRProUITests.release.xcconfig"; sourceTree = "<group>"; };
		6113C9B21F27D149009624A5 /* RoomBookingVC.swift */ = {isa = PBXFileReference; fileEncoding = 4; lastKnownFileType = sourcecode.swift; path = RoomBookingVC.swift; sourceTree = "<group>"; };
		6114A7171F2BD40800A1D38D /* BookingUsersCell.swift */ = {isa = PBXFileReference; fileEncoding = 4; lastKnownFileType = sourcecode.swift; path = BookingUsersCell.swift; sourceTree = "<group>"; };
		611AEEB41F24A89400DAFEE1 /* RegistrationViewController.swift */ = {isa = PBXFileReference; fileEncoding = 4; lastKnownFileType = sourcecode.swift; path = RegistrationViewController.swift; sourceTree = "<group>"; };
		611AEEB71F24AEA600DAFEE1 /* API.swift */ = {isa = PBXFileReference; fileEncoding = 4; lastKnownFileType = sourcecode.swift; path = API.swift; sourceTree = "<group>"; };
		611AEEB81F24AEA600DAFEE1 /* APIRequestMethods.swift */ = {isa = PBXFileReference; fileEncoding = 4; lastKnownFileType = sourcecode.swift; path = APIRequestMethods.swift; sourceTree = "<group>"; };
		611AEEB91F24AEA600DAFEE1 /* APIResponseHandler.swift */ = {isa = PBXFileReference; fileEncoding = 4; lastKnownFileType = sourcecode.swift; path = APIResponseHandler.swift; sourceTree = "<group>"; };
		611AEEBF1F24B1BE00DAFEE1 /* APIConstant.swift */ = {isa = PBXFileReference; fileEncoding = 4; lastKnownFileType = sourcecode.swift; path = APIConstant.swift; sourceTree = "<group>"; };
		61DC1CC41F2917B8000D793F /* PhotoGalleryVC.swift */ = {isa = PBXFileReference; fileEncoding = 4; lastKnownFileType = sourcecode.swift; path = PhotoGalleryVC.swift; sourceTree = "<group>"; };
		61DC1CC61F2919B2000D793F /* ImageCollectionCell.swift */ = {isa = PBXFileReference; fileEncoding = 4; lastKnownFileType = sourcecode.swift; path = ImageCollectionCell.swift; sourceTree = "<group>"; };
		61DC1CC81F2A7391000D793F /* RateVC.swift */ = {isa = PBXFileReference; fileEncoding = 4; lastKnownFileType = sourcecode.swift; path = RateVC.swift; sourceTree = "<group>"; };
		77A350E26EC83EA179DCA0FC /* Pods_MRProUITests.framework */ = {isa = PBXFileReference; explicitFileType = wrapper.framework; includeInIndex = 0; path = Pods_MRProUITests.framework; sourceTree = BUILT_PRODUCTS_DIR; };
		7D218F3F1F2CAAB7003643F6 /* ReviewCell.swift */ = {isa = PBXFileReference; fileEncoding = 4; lastKnownFileType = sourcecode.swift; name = ReviewCell.swift; path = Functions/ReviewCell.swift; sourceTree = "<group>"; };
		7EF20774F39B44A9A26B24BE /* Pods-MRProUITests.debug.xcconfig */ = {isa = PBXFileReference; includeInIndex = 1; lastKnownFileType = text.xcconfig; name = "Pods-MRProUITests.debug.xcconfig"; path = "Pods/Target Support Files/Pods-MRProUITests/Pods-MRProUITests.debug.xcconfig"; sourceTree = "<group>"; };
		DA9C5B3EB87F0382AA788FFD /* Pods-MRProTests.release.xcconfig */ = {isa = PBXFileReference; includeInIndex = 1; lastKnownFileType = text.xcconfig; name = "Pods-MRProTests.release.xcconfig"; path = "Pods/Target Support Files/Pods-MRProTests/Pods-MRProTests.release.xcconfig"; sourceTree = "<group>"; };
		F2F280FE638FA4E772D91807 /* Pods_MRProTests.framework */ = {isa = PBXFileReference; explicitFileType = wrapper.framework; includeInIndex = 0; path = Pods_MRProTests.framework; sourceTree = BUILT_PRODUCTS_DIR; };
		F51A06151F1A6336009985C8 /* MRPro.app */ = {isa = PBXFileReference; explicitFileType = wrapper.application; includeInIndex = 0; path = MRPro.app; sourceTree = BUILT_PRODUCTS_DIR; };
		F51A06181F1A6336009985C8 /* AppDelegate.swift */ = {isa = PBXFileReference; lastKnownFileType = sourcecode.swift; path = AppDelegate.swift; sourceTree = "<group>"; };
		F51A061A1F1A6336009985C8 /* UserLoginViewController.swift */ = {isa = PBXFileReference; lastKnownFileType = sourcecode.swift; path = UserLoginViewController.swift; sourceTree = "<group>"; };
		F51A061D1F1A6336009985C8 /* Base */ = {isa = PBXFileReference; lastKnownFileType = file.storyboard; name = Base; path = Base.lproj/Main.storyboard; sourceTree = "<group>"; };
		F51A06201F1A6336009985C8 /* MRPro.xcdatamodel */ = {isa = PBXFileReference; lastKnownFileType = wrapper.xcdatamodel; path = MRPro.xcdatamodel; sourceTree = "<group>"; };
		F51A06221F1A6337009985C8 /* Assets.xcassets */ = {isa = PBXFileReference; lastKnownFileType = folder.assetcatalog; path = Assets.xcassets; sourceTree = "<group>"; };
		F51A06251F1A6337009985C8 /* Base */ = {isa = PBXFileReference; lastKnownFileType = file.storyboard; name = Base; path = Base.lproj/LaunchScreen.storyboard; sourceTree = "<group>"; };
		F51A06271F1A6337009985C8 /* Info.plist */ = {isa = PBXFileReference; lastKnownFileType = text.plist.xml; path = Info.plist; sourceTree = "<group>"; };
		F51A062C1F1A6337009985C8 /* MRProTests.xctest */ = {isa = PBXFileReference; explicitFileType = wrapper.cfbundle; includeInIndex = 0; path = MRProTests.xctest; sourceTree = BUILT_PRODUCTS_DIR; };
		F51A06301F1A6337009985C8 /* MRProTests.swift */ = {isa = PBXFileReference; lastKnownFileType = sourcecode.swift; path = MRProTests.swift; sourceTree = "<group>"; };
		F51A06321F1A6337009985C8 /* Info.plist */ = {isa = PBXFileReference; lastKnownFileType = text.plist.xml; path = Info.plist; sourceTree = "<group>"; };
		F51A06371F1A6337009985C8 /* MRProUITests.xctest */ = {isa = PBXFileReference; explicitFileType = wrapper.cfbundle; includeInIndex = 0; path = MRProUITests.xctest; sourceTree = BUILT_PRODUCTS_DIR; };
		F51A063B1F1A6337009985C8 /* MRProUITests.swift */ = {isa = PBXFileReference; lastKnownFileType = sourcecode.swift; path = MRProUITests.swift; sourceTree = "<group>"; };
		F51A063D1F1A6337009985C8 /* Info.plist */ = {isa = PBXFileReference; lastKnownFileType = text.plist.xml; path = Info.plist; sourceTree = "<group>"; };
		F51A4C481F1FBBC2001BC1C7 /* MyProfileViewController.swift */ = {isa = PBXFileReference; fileEncoding = 4; lastKnownFileType = sourcecode.swift; path = MyProfileViewController.swift; sourceTree = "<group>"; };
		F51A4C4A1F1FDA38001BC1C7 /* MyMeetingsViewController.swift */ = {isa = PBXFileReference; fileEncoding = 4; lastKnownFileType = sourcecode.swift; path = MyMeetingsViewController.swift; sourceTree = "<group>"; };
		F51A4C541F1FDF26001BC1C7 /* MapNavigationViewController.swift */ = {isa = PBXFileReference; fileEncoding = 4; lastKnownFileType = sourcecode.swift; path = MapNavigationViewController.swift; sourceTree = "<group>"; };
		F520B4071F1EB4A60020E9D0 /* SelfDesignedIndoorMapsInformationTableViewCell.swift */ = {isa = PBXFileReference; fileEncoding = 4; lastKnownFileType = sourcecode.swift; path = SelfDesignedIndoorMapsInformationTableViewCell.swift; sourceTree = "<group>"; };
		F52E796A1F1D82FB00BD49CD /* BuildingListTableViewController.swift */ = {isa = PBXFileReference; fileEncoding = 4; lastKnownFileType = sourcecode.swift; path = BuildingListTableViewController.swift; sourceTree = "<group>"; };
		F52E796C1F1D87D700BD49CD /* Building.swift */ = {isa = PBXFileReference; fileEncoding = 4; lastKnownFileType = sourcecode.swift; name = Building.swift; path = ../Building.swift; sourceTree = "<group>"; };
		F52E79701F1D896800BD49CD /* MeetingRoom.swift */ = {isa = PBXFileReference; fileEncoding = 4; lastKnownFileType = sourcecode.swift; name = MeetingRoom.swift; path = ../MeetingRoom.swift; sourceTree = "<group>"; };
		F52E79721F1D8CDF00BD49CD /* BuildingsCell.swift */ = {isa = PBXFileReference; fileEncoding = 4; lastKnownFileType = sourcecode.swift; path = BuildingsCell.swift; sourceTree = "<group>"; };
		F52E79741F1D8FF700BD49CD /* MeetingRoomListTableViewController.swift */ = {isa = PBXFileReference; fileEncoding = 4; lastKnownFileType = sourcecode.swift; path = MeetingRoomListTableViewController.swift; sourceTree = "<group>"; };
		F52E79761F1D90A300BD49CD /* CustomJsonParser.swift */ = {isa = PBXFileReference; fileEncoding = 4; lastKnownFileType = sourcecode.swift; path = CustomJsonParser.swift; sourceTree = "<group>"; };
		F52E797C1F1D958200BD49CD /* MeetingRoomsCell.swift */ = {isa = PBXFileReference; fileEncoding = 4; lastKnownFileType = sourcecode.swift; path = MeetingRoomsCell.swift; sourceTree = "<group>"; };
		F52E797E1F1D9D2F00BD49CD /* jsonFile.json */ = {isa = PBXFileReference; fileEncoding = 4; lastKnownFileType = text.json; path = jsonFile.json; sourceTree = "<group>"; };
/* End PBXFileReference section */

/* Begin PBXFrameworksBuildPhase section */
		F51A06121F1A6336009985C8 /* Frameworks */ = {
			isa = PBXFrameworksBuildPhase;
			buildActionMask = 2147483647;
			files = (
				F05E252601F6A5CB66B49795 /* Pods_MRPro.framework in Frameworks */,
			);
			runOnlyForDeploymentPostprocessing = 0;
		};
		F51A06291F1A6337009985C8 /* Frameworks */ = {
			isa = PBXFrameworksBuildPhase;
			buildActionMask = 2147483647;
			files = (
				3871009D8584FF05F4ACF30A /* Pods_MRProTests.framework in Frameworks */,
			);
			runOnlyForDeploymentPostprocessing = 0;
		};
		F51A06341F1A6337009985C8 /* Frameworks */ = {
			isa = PBXFrameworksBuildPhase;
			buildActionMask = 2147483647;
			files = (
				4FE5DE502F5E830F0D1EC374 /* Pods_MRProUITests.framework in Frameworks */,
			);
			runOnlyForDeploymentPostprocessing = 0;
		};
/* End PBXFrameworksBuildPhase section */

/* Begin PBXGroup section */
		4A0B12693325CD6BB80DBA92 /* Pods */ = {
			isa = PBXGroup;
			children = (
				209EB01DBDB71A56FCB8AB40 /* Pods-MRPro.debug.xcconfig */,
				0119C45EAA6CD3C1BA4B7629 /* Pods-MRPro.release.xcconfig */,
				3A7A7657CDB2CB8D2B0C9149 /* Pods-MRProTests.debug.xcconfig */,
				DA9C5B3EB87F0382AA788FFD /* Pods-MRProTests.release.xcconfig */,
				7EF20774F39B44A9A26B24BE /* Pods-MRProUITests.debug.xcconfig */,
				49FF03194C80719124018D22 /* Pods-MRProUITests.release.xcconfig */,
			);
			name = Pods;
			sourceTree = "<group>";
		};
		611AEEB61F24AEA600DAFEE1 /* Model */ = {
			isa = PBXGroup;
			children = (
				F52E79701F1D896800BD49CD /* MeetingRoom.swift */,
				F52E796C1F1D87D700BD49CD /* Building.swift */,
				611AEEBF1F24B1BE00DAFEE1 /* APIConstant.swift */,
				611AEEB71F24AEA600DAFEE1 /* API.swift */,
				611AEEB81F24AEA600DAFEE1 /* APIRequestMethods.swift */,
				611AEEB91F24AEA600DAFEE1 /* APIResponseHandler.swift */,
			);
			name = Model;
			path = Functions;
			sourceTree = "<group>";
		};
		81FD036D13E4A72DF4B2B705 /* Frameworks */ = {
			isa = PBXGroup;
			children = (
				20389BDCFA31B70C406B4A43 /* Pods_MRPro.framework */,
				F2F280FE638FA4E772D91807 /* Pods_MRProTests.framework */,
				77A350E26EC83EA179DCA0FC /* Pods_MRProUITests.framework */,
			);
			name = Frameworks;
			sourceTree = "<group>";
		};
		F51A060C1F1A6336009985C8 = {
			isa = PBXGroup;
			children = (
				F51A06171F1A6336009985C8 /* MRPro */,
				F51A062F1F1A6337009985C8 /* MRProTests */,
				F51A063A1F1A6337009985C8 /* MRProUITests */,
				F51A06161F1A6336009985C8 /* Products */,
				4A0B12693325CD6BB80DBA92 /* Pods */,
				81FD036D13E4A72DF4B2B705 /* Frameworks */,
			);
			sourceTree = "<group>";
		};
		F51A06161F1A6336009985C8 /* Products */ = {
			isa = PBXGroup;
			children = (
				F51A06151F1A6336009985C8 /* MRPro.app */,
				F51A062C1F1A6337009985C8 /* MRProTests.xctest */,
				F51A06371F1A6337009985C8 /* MRProUITests.xctest */,
			);
			name = Products;
			sourceTree = "<group>";
		};
		F51A06171F1A6336009985C8 /* MRPro */ = {
			isa = PBXGroup;
			children = (
				611AEEB61F24AEA600DAFEE1 /* Model */,
				F57EA6D01F2E4CB3009F2981 /* View */,
				F57EA6D11F2E4D27009F2981 /* Controller */,
				F57EA6CF1F2E4C3A009F2981 /* JsonParser */,
				F51A06181F1A6336009985C8 /* AppDelegate.swift */,
				F51A061C1F1A6336009985C8 /* Main.storyboard */,
				F51A06221F1A6337009985C8 /* Assets.xcassets */,
				F51A06241F1A6337009985C8 /* LaunchScreen.storyboard */,
				F51A06271F1A6337009985C8 /* Info.plist */,
				F51A061F1F1A6336009985C8 /* MRPro.xcdatamodeld */,
				F52E797E1F1D9D2F00BD49CD /* jsonFile.json */,
			);
			path = MRPro;
			sourceTree = "<group>";
		};
		F51A062F1F1A6337009985C8 /* MRProTests */ = {
			isa = PBXGroup;
			children = (
				F51A06301F1A6337009985C8 /* MRProTests.swift */,
				F51A06321F1A6337009985C8 /* Info.plist */,
			);
			path = MRProTests;
			sourceTree = "<group>";
		};
		F51A063A1F1A6337009985C8 /* MRProUITests */ = {
			isa = PBXGroup;
			children = (
				F51A063B1F1A6337009985C8 /* MRProUITests.swift */,
				F51A063D1F1A6337009985C8 /* Info.plist */,
			);
			path = MRProUITests;
			sourceTree = "<group>";
		};
		F57EA6CF1F2E4C3A009F2981 /* JsonParser */ = {
			isa = PBXGroup;
			children = (
				F52E79761F1D90A300BD49CD /* CustomJsonParser.swift */,
			);
			name = JsonParser;
			sourceTree = "<group>";
		};
		F57EA6D01F2E4CB3009F2981 /* View */ = {
			isa = PBXGroup;
			children = (
				F52E797C1F1D958200BD49CD /* MeetingRoomsCell.swift */,
				F52E79721F1D8CDF00BD49CD /* BuildingsCell.swift */,
				F520B4071F1EB4A60020E9D0 /* SelfDesignedIndoorMapsInformationTableViewCell.swift */,
				7D218F3F1F2CAAB7003643F6 /* ReviewCell.swift */,
				6114A7171F2BD40800A1D38D /* BookingUsersCell.swift */,
				61DC1CC61F2919B2000D793F /* ImageCollectionCell.swift */,
			);
			name = View;
			sourceTree = "<group>";
		};
		F57EA6D11F2E4D27009F2981 /* Controller */ = {
			isa = PBXGroup;
			children = (
				F51A061A1F1A6336009985C8 /* UserLoginViewController.swift */,
				F51A4C481F1FBBC2001BC1C7 /* MyProfileViewController.swift */,
				611AEEB41F24A89400DAFEE1 /* RegistrationViewController.swift */,
				F51A4C4A1F1FDA38001BC1C7 /* MyMeetingsViewController.swift */,
				F52E796A1F1D82FB00BD49CD /* BuildingListTableViewController.swift */,
				F52E79741F1D8FF700BD49CD /* MeetingRoomListTableViewController.swift */,
				F51A4C541F1FDF26001BC1C7 /* MapNavigationViewController.swift */,
				6113C9B21F27D149009624A5 /* RoomBookingVC.swift */,
				61DC1CC41F2917B8000D793F /* PhotoGalleryVC.swift */,
				61DC1CC81F2A7391000D793F /* RateVC.swift */,
			);
			name = Controller;
			sourceTree = "<group>";
		};
/* End PBXGroup section */

/* Begin PBXNativeTarget section */
		F51A06141F1A6336009985C8 /* MRPro */ = {
			isa = PBXNativeTarget;
			buildConfigurationList = F51A06401F1A6337009985C8 /* Build configuration list for PBXNativeTarget "MRPro" */;
			buildPhases = (
				18B71E2693012D17A2000375 /* [CP] Check Pods Manifest.lock */,
				F51A06111F1A6336009985C8 /* Sources */,
				F51A06121F1A6336009985C8 /* Frameworks */,
				F51A06131F1A6336009985C8 /* Resources */,
				715EB9DF56AB075BC2729534 /* [CP] Embed Pods Frameworks */,
				EC0F1D832CE5C988DEB3900D /* [CP] Copy Pods Resources */,
			);
			buildRules = (
			);
			dependencies = (
			);
			name = MRPro;
			productName = MRPro;
			productReference = F51A06151F1A6336009985C8 /* MRPro.app */;
			productType = "com.apple.product-type.application";
		};
		F51A062B1F1A6337009985C8 /* MRProTests */ = {
			isa = PBXNativeTarget;
			buildConfigurationList = F51A06431F1A6337009985C8 /* Build configuration list for PBXNativeTarget "MRProTests" */;
			buildPhases = (
				E5BB709AA60796872B47AFF9 /* [CP] Check Pods Manifest.lock */,
				F51A06281F1A6337009985C8 /* Sources */,
				F51A06291F1A6337009985C8 /* Frameworks */,
				F51A062A1F1A6337009985C8 /* Resources */,
				13CB9FE5947C0CC8969FEB97 /* [CP] Embed Pods Frameworks */,
				837DB677B7066F72C94B387B /* [CP] Copy Pods Resources */,
			);
			buildRules = (
			);
			dependencies = (
				F51A062E1F1A6337009985C8 /* PBXTargetDependency */,
			);
			name = MRProTests;
			productName = MRProTests;
			productReference = F51A062C1F1A6337009985C8 /* MRProTests.xctest */;
			productType = "com.apple.product-type.bundle.unit-test";
		};
		F51A06361F1A6337009985C8 /* MRProUITests */ = {
			isa = PBXNativeTarget;
			buildConfigurationList = F51A06461F1A6337009985C8 /* Build configuration list for PBXNativeTarget "MRProUITests" */;
			buildPhases = (
				D327B85BDAB8F6E53F1088D0 /* [CP] Check Pods Manifest.lock */,
				F51A06331F1A6337009985C8 /* Sources */,
				F51A06341F1A6337009985C8 /* Frameworks */,
				F51A06351F1A6337009985C8 /* Resources */,
				367AD0C493AEBDD7E1ADCBEE /* [CP] Embed Pods Frameworks */,
				8C3E8A76DF314D4ED8613C82 /* [CP] Copy Pods Resources */,
			);
			buildRules = (
			);
			dependencies = (
				F51A06391F1A6337009985C8 /* PBXTargetDependency */,
			);
			name = MRProUITests;
			productName = MRProUITests;
			productReference = F51A06371F1A6337009985C8 /* MRProUITests.xctest */;
			productType = "com.apple.product-type.bundle.ui-testing";
		};
/* End PBXNativeTarget section */

/* Begin PBXProject section */
		F51A060D1F1A6336009985C8 /* Project object */ = {
			isa = PBXProject;
			attributes = {
				LastSwiftUpdateCheck = 0830;
				LastUpgradeCheck = 0830;
				ORGANIZATIONNAME = "MeetingRoom Pro | Navjot Singh Virk | Gymandnutrition.com | Navsingh.org.uk";
				TargetAttributes = {
					F51A06141F1A6336009985C8 = {
						CreatedOnToolsVersion = 8.3.2;
						DevelopmentTeam = 4TG42NPL92;
						ProvisioningStyle = Automatic;
					};
					F51A062B1F1A6337009985C8 = {
						CreatedOnToolsVersion = 8.3.2;
						DevelopmentTeam = 4TG42NPL92;
						ProvisioningStyle = Automatic;
						TestTargetID = F51A06141F1A6336009985C8;
					};
					F51A06361F1A6337009985C8 = {
						CreatedOnToolsVersion = 8.3.2;
						DevelopmentTeam = 4TG42NPL92;
						ProvisioningStyle = Automatic;
						TestTargetID = F51A06141F1A6336009985C8;
					};
				};
			};
			buildConfigurationList = F51A06101F1A6336009985C8 /* Build configuration list for PBXProject "MRPro" */;
			compatibilityVersion = "Xcode 3.2";
			developmentRegion = English;
			hasScannedForEncodings = 0;
			knownRegions = (
				en,
				Base,
			);
			mainGroup = F51A060C1F1A6336009985C8;
			productRefGroup = F51A06161F1A6336009985C8 /* Products */;
			projectDirPath = "";
			projectRoot = "";
			targets = (
				F51A06141F1A6336009985C8 /* MRPro */,
				F51A062B1F1A6337009985C8 /* MRProTests */,
				F51A06361F1A6337009985C8 /* MRProUITests */,
			);
		};
/* End PBXProject section */

/* Begin PBXResourcesBuildPhase section */
		F51A06131F1A6336009985C8 /* Resources */ = {
			isa = PBXResourcesBuildPhase;
			buildActionMask = 2147483647;
			files = (
				F51A06261F1A6337009985C8 /* LaunchScreen.storyboard in Resources */,
				F51A06231F1A6337009985C8 /* Assets.xcassets in Resources */,
				F51A061E1F1A6336009985C8 /* Main.storyboard in Resources */,
				F52E797F1F1D9D2F00BD49CD /* jsonFile.json in Resources */,
			);
			runOnlyForDeploymentPostprocessing = 0;
		};
		F51A062A1F1A6337009985C8 /* Resources */ = {
			isa = PBXResourcesBuildPhase;
			buildActionMask = 2147483647;
			files = (
			);
			runOnlyForDeploymentPostprocessing = 0;
		};
		F51A06351F1A6337009985C8 /* Resources */ = {
			isa = PBXResourcesBuildPhase;
			buildActionMask = 2147483647;
			files = (
			);
			runOnlyForDeploymentPostprocessing = 0;
		};
/* End PBXResourcesBuildPhase section */

/* Begin PBXShellScriptBuildPhase section */
		13CB9FE5947C0CC8969FEB97 /* [CP] Embed Pods Frameworks */ = {
			isa = PBXShellScriptBuildPhase;
			buildActionMask = 2147483647;
			files = (
			);
			inputPaths = (
			);
			name = "[CP] Embed Pods Frameworks";
			outputPaths = (
			);
			runOnlyForDeploymentPostprocessing = 0;
			shellPath = /bin/sh;
			shellScript = "\"${SRCROOT}/Pods/Target Support Files/Pods-MRProTests/Pods-MRProTests-frameworks.sh\"\n";
			showEnvVarsInLog = 0;
		};
		18B71E2693012D17A2000375 /* [CP] Check Pods Manifest.lock */ = {
			isa = PBXShellScriptBuildPhase;
			buildActionMask = 2147483647;
			files = (
			);
			inputPaths = (
			);
			name = "[CP] Check Pods Manifest.lock";
			outputPaths = (
			);
			runOnlyForDeploymentPostprocessing = 0;
			shellPath = /bin/sh;
			shellScript = "diff \"${PODS_ROOT}/../Podfile.lock\" \"${PODS_ROOT}/Manifest.lock\" > /dev/null\nif [ $? != 0 ] ; then\n    # print error to STDERR\n    echo \"error: The sandbox is not in sync with the Podfile.lock. Run 'pod install' or update your CocoaPods installation.\" >&2\n    exit 1\nfi\n";
			showEnvVarsInLog = 0;
		};
		367AD0C493AEBDD7E1ADCBEE /* [CP] Embed Pods Frameworks */ = {
			isa = PBXShellScriptBuildPhase;
			buildActionMask = 2147483647;
			files = (
			);
			inputPaths = (
			);
			name = "[CP] Embed Pods Frameworks";
			outputPaths = (
			);
			runOnlyForDeploymentPostprocessing = 0;
			shellPath = /bin/sh;
			shellScript = "\"${SRCROOT}/Pods/Target Support Files/Pods-MRProUITests/Pods-MRProUITests-frameworks.sh\"\n";
			showEnvVarsInLog = 0;
		};
		715EB9DF56AB075BC2729534 /* [CP] Embed Pods Frameworks */ = {
			isa = PBXShellScriptBuildPhase;
			buildActionMask = 2147483647;
			files = (
			);
			inputPaths = (
			);
			name = "[CP] Embed Pods Frameworks";
			outputPaths = (
			);
			runOnlyForDeploymentPostprocessing = 0;
			shellPath = /bin/sh;
			shellScript = "\"${SRCROOT}/Pods/Target Support Files/Pods-MRPro/Pods-MRPro-frameworks.sh\"\n";
			showEnvVarsInLog = 0;
		};
		837DB677B7066F72C94B387B /* [CP] Copy Pods Resources */ = {
			isa = PBXShellScriptBuildPhase;
			buildActionMask = 2147483647;
			files = (
			);
			inputPaths = (
			);
			name = "[CP] Copy Pods Resources";
			outputPaths = (
			);
			runOnlyForDeploymentPostprocessing = 0;
			shellPath = /bin/sh;
			shellScript = "\"${SRCROOT}/Pods/Target Support Files/Pods-MRProTests/Pods-MRProTests-resources.sh\"\n";
			showEnvVarsInLog = 0;
		};
		8C3E8A76DF314D4ED8613C82 /* [CP] Copy Pods Resources */ = {
			isa = PBXShellScriptBuildPhase;
			buildActionMask = 2147483647;
			files = (
			);
			inputPaths = (
			);
			name = "[CP] Copy Pods Resources";
			outputPaths = (
			);
			runOnlyForDeploymentPostprocessing = 0;
			shellPath = /bin/sh;
			shellScript = "\"${SRCROOT}/Pods/Target Support Files/Pods-MRProUITests/Pods-MRProUITests-resources.sh\"\n";
			showEnvVarsInLog = 0;
		};
		D327B85BDAB8F6E53F1088D0 /* [CP] Check Pods Manifest.lock */ = {
			isa = PBXShellScriptBuildPhase;
			buildActionMask = 2147483647;
			files = (
			);
			inputPaths = (
			);
			name = "[CP] Check Pods Manifest.lock";
			outputPaths = (
			);
			runOnlyForDeploymentPostprocessing = 0;
			shellPath = /bin/sh;
			shellScript = "diff \"${PODS_ROOT}/../Podfile.lock\" \"${PODS_ROOT}/Manifest.lock\" > /dev/null\nif [ $? != 0 ] ; then\n    # print error to STDERR\n    echo \"error: The sandbox is not in sync with the Podfile.lock. Run 'pod install' or update your CocoaPods installation.\" >&2\n    exit 1\nfi\n";
			showEnvVarsInLog = 0;
		};
		E5BB709AA60796872B47AFF9 /* [CP] Check Pods Manifest.lock */ = {
			isa = PBXShellScriptBuildPhase;
			buildActionMask = 2147483647;
			files = (
			);
			inputPaths = (
			);
			name = "[CP] Check Pods Manifest.lock";
			outputPaths = (
			);
			runOnlyForDeploymentPostprocessing = 0;
			shellPath = /bin/sh;
			shellScript = "diff \"${PODS_ROOT}/../Podfile.lock\" \"${PODS_ROOT}/Manifest.lock\" > /dev/null\nif [ $? != 0 ] ; then\n    # print error to STDERR\n    echo \"error: The sandbox is not in sync with the Podfile.lock. Run 'pod install' or update your CocoaPods installation.\" >&2\n    exit 1\nfi\n";
			showEnvVarsInLog = 0;
		};
		EC0F1D832CE5C988DEB3900D /* [CP] Copy Pods Resources */ = {
			isa = PBXShellScriptBuildPhase;
			buildActionMask = 2147483647;
			files = (
			);
			inputPaths = (
			);
			name = "[CP] Copy Pods Resources";
			outputPaths = (
			);
			runOnlyForDeploymentPostprocessing = 0;
			shellPath = /bin/sh;
			shellScript = "\"${SRCROOT}/Pods/Target Support Files/Pods-MRPro/Pods-MRPro-resources.sh\"\n";
			showEnvVarsInLog = 0;
		};
/* End PBXShellScriptBuildPhase section */

/* Begin PBXSourcesBuildPhase section */
		F51A06111F1A6336009985C8 /* Sources */ = {
			isa = PBXSourcesBuildPhase;
			buildActionMask = 2147483647;
			files = (
				F51A4C491F1FBBC2001BC1C7 /* MyProfileViewController.swift in Sources */,
				7D218F401F2CAAB7003643F6 /* ReviewCell.swift in Sources */,
				F51A06211F1A6336009985C8 /* MRPro.xcdatamodeld in Sources */,
				611AEEB51F24A89400DAFEE1 /* RegistrationViewController.swift in Sources */,
				6113C9B31F27D149009624A5 /* RoomBookingVC.swift in Sources */,
				F520B4081F1EB4A60020E9D0 /* SelfDesignedIndoorMapsInformationTableViewCell.swift in Sources */,
				F52E796B1F1D82FB00BD49CD /* BuildingListTableViewController.swift in Sources */,
				F52E797D1F1D958200BD49CD /* MeetingRoomsCell.swift in Sources */,
				611AEEBC1F24AEA600DAFEE1 /* APIRequestMethods.swift in Sources */,
				611AEEC01F24B1BE00DAFEE1 /* APIConstant.swift in Sources */,
				F52E796D1F1D87D700BD49CD /* Building.swift in Sources */,
				61DC1CC91F2A7391000D793F /* RateVC.swift in Sources */,
				611AEEBD1F24AEA600DAFEE1 /* APIResponseHandler.swift in Sources */,
				F52E79751F1D8FF700BD49CD /* MeetingRoomListTableViewController.swift in Sources */,
				61DC1CC71F2919B2000D793F /* ImageCollectionCell.swift in Sources */,
				F52E79731F1D8CDF00BD49CD /* BuildingsCell.swift in Sources */,
				611AEEBB1F24AEA600DAFEE1 /* API.swift in Sources */,
				F51A061B1F1A6336009985C8 /* UserLoginViewController.swift in Sources */,
				F52E79771F1D90A300BD49CD /* CustomJsonParser.swift in Sources */,
				F52E79711F1D896800BD49CD /* MeetingRoom.swift in Sources */,
				61DC1CC51F2917B8000D793F /* PhotoGalleryVC.swift in Sources */,
				F51A4C4B1F1FDA38001BC1C7 /* MyMeetingsViewController.swift in Sources */,
				F51A4C551F1FDF26001BC1C7 /* MapNavigationViewController.swift in Sources */,
				6114A7181F2BD40800A1D38D /* BookingUsersCell.swift in Sources */,
				F51A06191F1A6336009985C8 /* AppDelegate.swift in Sources */,
			);
			runOnlyForDeploymentPostprocessing = 0;
		};
		F51A06281F1A6337009985C8 /* Sources */ = {
			isa = PBXSourcesBuildPhase;
			buildActionMask = 2147483647;
			files = (
				F51A06311F1A6337009985C8 /* MRProTests.swift in Sources */,
			);
			runOnlyForDeploymentPostprocessing = 0;
		};
		F51A06331F1A6337009985C8 /* Sources */ = {
			isa = PBXSourcesBuildPhase;
			buildActionMask = 2147483647;
			files = (
				F51A063C1F1A6337009985C8 /* MRProUITests.swift in Sources */,
			);
			runOnlyForDeploymentPostprocessing = 0;
		};
/* End PBXSourcesBuildPhase section */

/* Begin PBXTargetDependency section */
		F51A062E1F1A6337009985C8 /* PBXTargetDependency */ = {
			isa = PBXTargetDependency;
			target = F51A06141F1A6336009985C8 /* MRPro */;
			targetProxy = F51A062D1F1A6337009985C8 /* PBXContainerItemProxy */;
		};
		F51A06391F1A6337009985C8 /* PBXTargetDependency */ = {
			isa = PBXTargetDependency;
			target = F51A06141F1A6336009985C8 /* MRPro */;
			targetProxy = F51A06381F1A6337009985C8 /* PBXContainerItemProxy */;
		};
/* End PBXTargetDependency section */

/* Begin PBXVariantGroup section */
		F51A061C1F1A6336009985C8 /* Main.storyboard */ = {
			isa = PBXVariantGroup;
			children = (
				F51A061D1F1A6336009985C8 /* Base */,
			);
			name = Main.storyboard;
			sourceTree = "<group>";
		};
		F51A06241F1A6337009985C8 /* LaunchScreen.storyboard */ = {
			isa = PBXVariantGroup;
			children = (
				F51A06251F1A6337009985C8 /* Base */,
			);
			name = LaunchScreen.storyboard;
			sourceTree = "<group>";
		};
/* End PBXVariantGroup section */

/* Begin XCBuildConfiguration section */
		F51A063E1F1A6337009985C8 /* Debug */ = {
			isa = XCBuildConfiguration;
			buildSettings = {
				ALWAYS_SEARCH_USER_PATHS = NO;
				CLANG_ANALYZER_NONNULL = YES;
				CLANG_ANALYZER_NUMBER_OBJECT_CONVERSION = YES_AGGRESSIVE;
				CLANG_CXX_LANGUAGE_STANDARD = "gnu++0x";
				CLANG_CXX_LIBRARY = "libc++";
				CLANG_ENABLE_MODULES = YES;
				CLANG_ENABLE_OBJC_ARC = YES;
				CLANG_WARN_BOOL_CONVERSION = YES;
				CLANG_WARN_CONSTANT_CONVERSION = YES;
				CLANG_WARN_DIRECT_OBJC_ISA_USAGE = YES_ERROR;
				CLANG_WARN_DOCUMENTATION_COMMENTS = YES;
				CLANG_WARN_EMPTY_BODY = YES;
				CLANG_WARN_ENUM_CONVERSION = YES;
				CLANG_WARN_INFINITE_RECURSION = YES;
				CLANG_WARN_INT_CONVERSION = YES;
				CLANG_WARN_OBJC_ROOT_CLASS = YES_ERROR;
				CLANG_WARN_SUSPICIOUS_MOVE = YES;
				CLANG_WARN_UNREACHABLE_CODE = YES;
				CLANG_WARN__DUPLICATE_METHOD_MATCH = YES;
				"CODE_SIGN_IDENTITY[sdk=iphoneos*]" = "iPhone Developer";
				COPY_PHASE_STRIP = NO;
				DEBUG_INFORMATION_FORMAT = dwarf;
				ENABLE_STRICT_OBJC_MSGSEND = YES;
				ENABLE_TESTABILITY = YES;
				GCC_C_LANGUAGE_STANDARD = gnu99;
				GCC_DYNAMIC_NO_PIC = NO;
				GCC_NO_COMMON_BLOCKS = YES;
				GCC_OPTIMIZATION_LEVEL = 0;
				GCC_PREPROCESSOR_DEFINITIONS = (
					"DEBUG=1",
					"$(inherited)",
				);
				GCC_WARN_64_TO_32_BIT_CONVERSION = YES;
				GCC_WARN_ABOUT_RETURN_TYPE = YES_ERROR;
				GCC_WARN_UNDECLARED_SELECTOR = YES;
				GCC_WARN_UNINITIALIZED_AUTOS = YES_AGGRESSIVE;
				GCC_WARN_UNUSED_FUNCTION = YES;
				GCC_WARN_UNUSED_VARIABLE = YES;
				IPHONEOS_DEPLOYMENT_TARGET = 10.3;
				MTL_ENABLE_DEBUG_INFO = YES;
				ONLY_ACTIVE_ARCH = YES;
				SDKROOT = iphoneos;
				SWIFT_ACTIVE_COMPILATION_CONDITIONS = DEBUG;
				SWIFT_OPTIMIZATION_LEVEL = "-Onone";
				TARGETED_DEVICE_FAMILY = "1,2";
			};
			name = Debug;
		};
		F51A063F1F1A6337009985C8 /* Release */ = {
			isa = XCBuildConfiguration;
			buildSettings = {
				ALWAYS_SEARCH_USER_PATHS = NO;
				CLANG_ANALYZER_NONNULL = YES;
				CLANG_ANALYZER_NUMBER_OBJECT_CONVERSION = YES_AGGRESSIVE;
				CLANG_CXX_LANGUAGE_STANDARD = "gnu++0x";
				CLANG_CXX_LIBRARY = "libc++";
				CLANG_ENABLE_MODULES = YES;
				CLANG_ENABLE_OBJC_ARC = YES;
				CLANG_WARN_BOOL_CONVERSION = YES;
				CLANG_WARN_CONSTANT_CONVERSION = YES;
				CLANG_WARN_DIRECT_OBJC_ISA_USAGE = YES_ERROR;
				CLANG_WARN_DOCUMENTATION_COMMENTS = YES;
				CLANG_WARN_EMPTY_BODY = YES;
				CLANG_WARN_ENUM_CONVERSION = YES;
				CLANG_WARN_INFINITE_RECURSION = YES;
				CLANG_WARN_INT_CONVERSION = YES;
				CLANG_WARN_OBJC_ROOT_CLASS = YES_ERROR;
				CLANG_WARN_SUSPICIOUS_MOVE = YES;
				CLANG_WARN_UNREACHABLE_CODE = YES;
				CLANG_WARN__DUPLICATE_METHOD_MATCH = YES;
				"CODE_SIGN_IDENTITY[sdk=iphoneos*]" = "iPhone Developer";
				COPY_PHASE_STRIP = NO;
				DEBUG_INFORMATION_FORMAT = "dwarf-with-dsym";
				ENABLE_NS_ASSERTIONS = NO;
				ENABLE_STRICT_OBJC_MSGSEND = YES;
				GCC_C_LANGUAGE_STANDARD = gnu99;
				GCC_NO_COMMON_BLOCKS = YES;
				GCC_WARN_64_TO_32_BIT_CONVERSION = YES;
				GCC_WARN_ABOUT_RETURN_TYPE = YES_ERROR;
				GCC_WARN_UNDECLARED_SELECTOR = YES;
				GCC_WARN_UNINITIALIZED_AUTOS = YES_AGGRESSIVE;
				GCC_WARN_UNUSED_FUNCTION = YES;
				GCC_WARN_UNUSED_VARIABLE = YES;
				IPHONEOS_DEPLOYMENT_TARGET = 10.3;
				MTL_ENABLE_DEBUG_INFO = NO;
				SDKROOT = iphoneos;
				SWIFT_OPTIMIZATION_LEVEL = "-Owholemodule";
				TARGETED_DEVICE_FAMILY = "1,2";
				VALIDATE_PRODUCT = YES;
			};
			name = Release;
		};
		F51A06411F1A6337009985C8 /* Debug */ = {
			isa = XCBuildConfiguration;
			baseConfigurationReference = 209EB01DBDB71A56FCB8AB40 /* Pods-MRPro.debug.xcconfig */;
			buildSettings = {
				ASSETCATALOG_COMPILER_APPICON_NAME = AppIcon;
				"CODE_SIGN_IDENTITY[sdk=iphoneos*]" = "iPhone Developer";
				DEVELOPMENT_TEAM = 4TG42NPL92;
				INFOPLIST_FILE = MRPro/Info.plist;
				IPHONEOS_DEPLOYMENT_TARGET = 10.0;
				LD_RUNPATH_SEARCH_PATHS = "$(inherited) @executable_path/Frameworks";
				PRODUCT_BUNDLE_IDENTIFIER = ios.nsv.MRPro;
				PRODUCT_NAME = "$(TARGET_NAME)";
				PROVISIONING_PROFILE_SPECIFIER = "";
				SWIFT_VERSION = 3.0;
			};
			name = Debug;
		};
		F51A06421F1A6337009985C8 /* Release */ = {
			isa = XCBuildConfiguration;
			baseConfigurationReference = 0119C45EAA6CD3C1BA4B7629 /* Pods-MRPro.release.xcconfig */;
			buildSettings = {
				ASSETCATALOG_COMPILER_APPICON_NAME = AppIcon;
				"CODE_SIGN_IDENTITY[sdk=iphoneos*]" = "iPhone Developer";
				DEVELOPMENT_TEAM = 4TG42NPL92;
				INFOPLIST_FILE = MRPro/Info.plist;
				IPHONEOS_DEPLOYMENT_TARGET = 10.0;
				LD_RUNPATH_SEARCH_PATHS = "$(inherited) @executable_path/Frameworks";
				PRODUCT_BUNDLE_IDENTIFIER = ios.nsv.MRPro;
				PRODUCT_NAME = "$(TARGET_NAME)";
				PROVISIONING_PROFILE_SPECIFIER = "";
				SWIFT_VERSION = 3.0;
			};
			name = Release;
		};
		F51A06441F1A6337009985C8 /* Debug */ = {
			isa = XCBuildConfiguration;
			baseConfigurationReference = 3A7A7657CDB2CB8D2B0C9149 /* Pods-MRProTests.debug.xcconfig */;
			buildSettings = {
				ALWAYS_EMBED_SWIFT_STANDARD_LIBRARIES = YES;
				BUNDLE_LOADER = "$(TEST_HOST)";
				DEVELOPMENT_TEAM = 4TG42NPL92;
				INFOPLIST_FILE = MRProTests/Info.plist;
				LD_RUNPATH_SEARCH_PATHS = "$(inherited) @executable_path/Frameworks @loader_path/Frameworks";
				PRODUCT_BUNDLE_IDENTIFIER = ios.nsv.MRProTests;
				PRODUCT_NAME = "$(TARGET_NAME)";
				SWIFT_VERSION = 3.0;
				TEST_HOST = "$(BUILT_PRODUCTS_DIR)/MRPro.app/MRPro";
			};
			name = Debug;
		};
		F51A06451F1A6337009985C8 /* Release */ = {
			isa = XCBuildConfiguration;
			baseConfigurationReference = DA9C5B3EB87F0382AA788FFD /* Pods-MRProTests.release.xcconfig */;
			buildSettings = {
				ALWAYS_EMBED_SWIFT_STANDARD_LIBRARIES = YES;
				BUNDLE_LOADER = "$(TEST_HOST)";
				DEVELOPMENT_TEAM = 4TG42NPL92;
				INFOPLIST_FILE = MRProTests/Info.plist;
				LD_RUNPATH_SEARCH_PATHS = "$(inherited) @executable_path/Frameworks @loader_path/Frameworks";
				PRODUCT_BUNDLE_IDENTIFIER = ios.nsv.MRProTests;
				PRODUCT_NAME = "$(TARGET_NAME)";
				SWIFT_VERSION = 3.0;
				TEST_HOST = "$(BUILT_PRODUCTS_DIR)/MRPro.app/MRPro";
			};
			name = Release;
		};
		F51A06471F1A6337009985C8 /* Debug */ = {
			isa = XCBuildConfiguration;
			baseConfigurationReference = 7EF20774F39B44A9A26B24BE /* Pods-MRProUITests.debug.xcconfig */;
			buildSettings = {
				ALWAYS_EMBED_SWIFT_STANDARD_LIBRARIES = YES;
				DEVELOPMENT_TEAM = 4TG42NPL92;
				INFOPLIST_FILE = MRProUITests/Info.plist;
				LD_RUNPATH_SEARCH_PATHS = "$(inherited) @executable_path/Frameworks @loader_path/Frameworks";
				PRODUCT_BUNDLE_IDENTIFIER = ios.nsv.MRProUITests;
				PRODUCT_NAME = "$(TARGET_NAME)";
				SWIFT_VERSION = 3.0;
				TEST_TARGET_NAME = MRPro;
			};
			name = Debug;
		};
		F51A06481F1A6337009985C8 /* Release */ = {
			isa = XCBuildConfiguration;
			baseConfigurationReference = 49FF03194C80719124018D22 /* Pods-MRProUITests.release.xcconfig */;
			buildSettings = {
				ALWAYS_EMBED_SWIFT_STANDARD_LIBRARIES = YES;
				DEVELOPMENT_TEAM = 4TG42NPL92;
				INFOPLIST_FILE = MRProUITests/Info.plist;
				LD_RUNPATH_SEARCH_PATHS = "$(inherited) @executable_path/Frameworks @loader_path/Frameworks";
				PRODUCT_BUNDLE_IDENTIFIER = ios.nsv.MRProUITests;
				PRODUCT_NAME = "$(TARGET_NAME)";
				SWIFT_VERSION = 3.0;
				TEST_TARGET_NAME = MRPro;
			};
			name = Release;
		};
/* End XCBuildConfiguration section */

/* Begin XCConfigurationList section */
		F51A06101F1A6336009985C8 /* Build configuration list for PBXProject "MRPro" */ = {
			isa = XCConfigurationList;
			buildConfigurations = (
				F51A063E1F1A6337009985C8 /* Debug */,
				F51A063F1F1A6337009985C8 /* Release */,
			);
			defaultConfigurationIsVisible = 0;
			defaultConfigurationName = Release;
		};
		F51A06401F1A6337009985C8 /* Build configuration list for PBXNativeTarget "MRPro" */ = {
			isa = XCConfigurationList;
			buildConfigurations = (
				F51A06411F1A6337009985C8 /* Debug */,
				F51A06421F1A6337009985C8 /* Release */,
			);
			defaultConfigurationIsVisible = 0;
			defaultConfigurationName = Release;
		};
		F51A06431F1A6337009985C8 /* Build configuration list for PBXNativeTarget "MRProTests" */ = {
			isa = XCConfigurationList;
			buildConfigurations = (
				F51A06441F1A6337009985C8 /* Debug */,
				F51A06451F1A6337009985C8 /* Release */,
			);
			defaultConfigurationIsVisible = 0;
			defaultConfigurationName = Release;
		};
		F51A06461F1A6337009985C8 /* Build configuration list for PBXNativeTarget "MRProUITests" */ = {
			isa = XCConfigurationList;
			buildConfigurations = (
				F51A06471F1A6337009985C8 /* Debug */,
				F51A06481F1A6337009985C8 /* Release */,
			);
			defaultConfigurationIsVisible = 0;
			defaultConfigurationName = Release;
		};
/* End XCConfigurationList section */

/* Begin XCVersionGroup section */
		F51A061F1F1A6336009985C8 /* MRPro.xcdatamodeld */ = {
			isa = XCVersionGroup;
			children = (
				F51A06201F1A6336009985C8 /* MRPro.xcdatamodel */,
			);
			currentVersion = F51A06201F1A6336009985C8 /* MRPro.xcdatamodel */;
			path = MRPro.xcdatamodeld;
			sourceTree = "<group>";
			versionGroupType = wrapper.xcdatamodel;
		};
/* End XCVersionGroup section */
	};
	rootObject = F51A060D1F1A6336009985C8 /* Project object */;
}
